{
  "name": "timber",
  "version": "0.0.1",
  "lockfileVersion": 1,
  "requires": true,
  "dependencies": {
    "@babel/runtime": {
      "version": "7.15.4",
      "resolved": "https://registry.npmjs.org/@babel/runtime/-/runtime-7.15.4.tgz",
      "integrity": "sha512-99catp6bHCaxr4sJ/DbTGgHS4+Rs2RVd2g7iOap6SLGPDknRK9ztKNsE/Fg6QhSeh1FGE5f6gHGQmvvn3I3xhw==",
      "requires": {
        "regenerator-runtime": "^0.13.4"
      }
    },
    "@emotion/cache": {
      "version": "11.4.0",
      "resolved": "https://registry.npmjs.org/@emotion/cache/-/cache-11.4.0.tgz",
      "integrity": "sha512-Zx70bjE7LErRO9OaZrhf22Qye1y4F7iDl+ITjet0J+i+B88PrAOBkKvaAWhxsZf72tDLajwCgfCjJ2dvH77C3g==",
      "requires": {
        "@emotion/memoize": "^0.7.4",
        "@emotion/sheet": "^1.0.0",
        "@emotion/utils": "^1.0.0",
        "@emotion/weak-memoize": "^0.2.5",
        "stylis": "^4.0.3"
      }
    },
    "@emotion/is-prop-valid": {
      "version": "1.1.0",
      "resolved": "https://registry.npmjs.org/@emotion/is-prop-valid/-/is-prop-valid-1.1.0.tgz",
      "integrity": "sha512-9RkilvXAufQHsSsjQ3PIzSns+pxuX4EW8EbGeSPjZMHuMx6z/MOzb9LpqNieQX4F3mre3NWS2+X3JNRHTQztUQ==",
      "requires": {
        "@emotion/memoize": "^0.7.4"
      }
    },
    "@emotion/memoize": {
      "version": "0.7.5",
      "resolved": "https://registry.npmjs.org/@emotion/memoize/-/memoize-0.7.5.tgz",
      "integrity": "sha512-igX9a37DR2ZPGYtV6suZ6whr8pTFtyHL3K/oLUotxpSVO2ASaprmAe2Dkq7tBo7CRY7MMDrAa9nuQP9/YG8FxQ=="
    },
    "@emotion/sheet": {
      "version": "1.0.2",
      "resolved": "https://registry.npmjs.org/@emotion/sheet/-/sheet-1.0.2.tgz",
      "integrity": "sha512-QQPB1B70JEVUHuNtzjHftMGv6eC3Y9wqavyarj4x4lg47RACkeSfNo5pxIOKizwS9AEFLohsqoaxGQj4p0vSIw=="
    },
    "@emotion/utils": {
      "version": "1.0.0",
      "resolved": "https://registry.npmjs.org/@emotion/utils/-/utils-1.0.0.tgz",
      "integrity": "sha512-mQC2b3XLDs6QCW+pDQDiyO/EdGZYOygE8s5N5rrzjSI4M3IejPE/JPndCBwRT9z982aqQNi6beWs1UeayrQxxA=="
    },
    "@emotion/weak-memoize": {
      "version": "0.2.5",
      "resolved": "https://registry.npmjs.org/@emotion/weak-memoize/-/weak-memoize-0.2.5.tgz",
      "integrity": "sha512-6U71C2Wp7r5XtFtQzYrW5iKFT67OixrSxjI4MptCHzdSVlgabczzqLe0ZSgnub/5Kp4hSbpDB1tMytZY9pwxxA=="
    },
    "@mui/core": {
      "version": "5.0.0-alpha.48",
      "resolved": "https://registry.npmjs.org/@mui/core/-/core-5.0.0-alpha.48.tgz",
      "integrity": "sha512-H/QQwKsr2EqPAnP35DGDpWihk5BOFYGhO52rIHb3XKOfoUjDCrCHBy2kvr3dLWJDmJXr/QzYj3AX10n5XzlaMg==",
      "requires": {
        "@babel/runtime": "^7.15.4",
        "@emotion/is-prop-valid": "^1.1.0",
        "@mui/utils": "^5.0.1",
        "clsx": "^1.1.1",
        "prop-types": "^15.7.2",
        "react-is": "^17.0.2"
      }
    },
    "@mui/material": {
      "version": "5.0.1",
      "resolved": "https://registry.npmjs.org/@mui/material/-/material-5.0.1.tgz",
      "integrity": "sha512-+/JJzRcORUf5MiZnzuqsPFRgxm3/0CUi1wE97ZQ2y7r+EnDVsjJLcjAH9Q9GY3k9zkPIpYb9Hig/+HT6AGZRnQ==",
      "requires": {
        "@babel/runtime": "^7.15.4",
        "@mui/core": "5.0.0-alpha.48",
        "@mui/system": "^5.0.1",
        "@mui/types": "^7.0.0",
        "@mui/utils": "^5.0.1",
        "@popperjs/core": "^2.4.4",
        "@types/react-transition-group": "^4.4.3",
        "clsx": "^1.1.1",
        "csstype": "^3.0.9",
        "hoist-non-react-statics": "^3.3.2",
        "prop-types": "^15.7.2",
        "react-is": "^17.0.2",
        "react-transition-group": "^4.4.2"
      }
    },
    "@mui/private-theming": {
      "version": "5.0.1",
      "resolved": "https://registry.npmjs.org/@mui/private-theming/-/private-theming-5.0.1.tgz",
      "integrity": "sha512-R8Cf2+32cG1OXFAqTighA5Mx9R5BQ57cN1ZVaNgfgdbI87Yig2fVMdFSPrw3txcjKlnwsvFJF8AdwQMqq1tJ3Q==",
      "requires": {
        "@babel/runtime": "^7.15.4",
        "@mui/utils": "^5.0.1",
        "prop-types": "^15.7.2"
      }
    },
    "@mui/styled-engine": {
      "version": "5.0.1",
      "resolved": "https://registry.npmjs.org/@mui/styled-engine/-/styled-engine-5.0.1.tgz",
      "integrity": "sha512-j40nCbaKr1HAZYqpX61XvZYsadYskjo3u6+pRFFaewSViAkkD1rjjbubpnh15nqVfYmijtHMZJ9/l1x1hamvfQ==",
      "requires": {
        "@babel/runtime": "^7.15.4",
        "@emotion/cache": "^11.4.0",
        "prop-types": "^15.7.2"
      }
    },
    "@mui/system": {
      "version": "5.0.1",
      "resolved": "https://registry.npmjs.org/@mui/system/-/system-5.0.1.tgz",
      "integrity": "sha512-pGNKUpjK5hm4apZAUZu7LugemBPoZnNvNNCI2miI/BXxqyx41mL9+iT9p6Qe9uDOh8Z6GUbLIzvOjSTP+ECRZw==",
      "requires": {
        "@babel/runtime": "^7.15.4",
        "@mui/private-theming": "^5.0.1",
        "@mui/styled-engine": "^5.0.1",
        "@mui/types": "^7.0.0",
        "@mui/utils": "^5.0.1",
        "clsx": "^1.1.1",
        "csstype": "^3.0.9",
        "prop-types": "^15.7.2"
      }
    },
    "@mui/types": {
      "version": "7.0.0",
      "resolved": "https://registry.npmjs.org/@mui/types/-/types-7.0.0.tgz",
      "integrity": "sha512-M/tkF2pZ4uoPhZ8pnNhlVnOFtz6F3dnYKIsnj8MuXKT6d26IE2u0UjA8B0275ggN74dR9rlHG5xJt5jgDx/Ung=="
    },
    "@mui/utils": {
      "version": "5.0.1",
      "resolved": "https://registry.npmjs.org/@mui/utils/-/utils-5.0.1.tgz",
      "integrity": "sha512-GWO104N+o9KG5fKiTEYnAg7kONKEg3vLN+VROAU0f3it6lFGLCVPcQYex/1gJ4QAy96u6Ez8/Hmmhi1+3cX0tQ==",
      "requires": {
        "@babel/runtime": "^7.15.4",
        "@types/prop-types": "^15.7.4",
        "@types/react-is": "^16.7.1 || ^17.0.0",
        "prop-types": "^15.7.2",
        "react-is": "^17.0.2"
      }
    },
    "@popperjs/core": {
      "version": "2.10.1",
      "resolved": "https://registry.npmjs.org/@popperjs/core/-/core-2.10.1.tgz",
      "integrity": "sha512-HnUhk1Sy9IuKrxEMdIRCxpIqPw6BFsbYSEUO9p/hNw5sMld/+3OLMWQP80F8/db9qsv3qUjs7ZR5bS/R+iinXw=="
    },
    "@types/material-ui": {
      "version": "0.21.9",
      "resolved": "https://registry.npmjs.org/@types/material-ui/-/material-ui-0.21.9.tgz",
      "integrity": "sha512-YhZzW7rRqT2VpNTDYdXAB4Qgy1oBK2YDL1QSeL8t2ALmFTv141a5KW1buTobkc840QN+GGvon/u814jOxsvZLw==",
      "requires": {
        "@types/react": "*",
        "@types/react-addons-linked-state-mixin": "*"
      }
    },
    "@types/prop-types": {
      "version": "15.7.4",
      "resolved": "https://registry.npmjs.org/@types/prop-types/-/prop-types-15.7.4.tgz",
      "integrity": "sha512-rZ5drC/jWjrArrS8BR6SIr4cWpW09RNTYt9AMZo3Jwwif+iacXAqgVjm0B0Bv/S1jhDXKHqRVNCbACkJ89RAnQ=="
    },
    "@types/react": {
      "version": "17.0.24",
      "resolved": "https://registry.npmjs.org/@types/react/-/react-17.0.24.tgz",
      "integrity": "sha512-eIpyco99gTH+FTI3J7Oi/OH8MZoFMJuztNRimDOJwH4iGIsKV2qkGnk4M9VzlaVWeEEWLWSQRy0FEA0Kz218cg==",
      "requires": {
        "@types/prop-types": "*",
        "@types/scheduler": "*",
        "csstype": "^3.0.2"
      }
    },
    "@types/react-addons-linked-state-mixin": {
      "version": "0.14.22",
      "resolved": "https://registry.npmjs.org/@types/react-addons-linked-state-mixin/-/react-addons-linked-state-mixin-0.14.22.tgz",
      "integrity": "sha512-DF9utM6VjuIaY388R6XWWDs7CIDTH7on1k1yR+hqaL/T4/OqSCW5uij28APq9KI82CZf0/qtBJI+pjvXcOh0kQ==",
      "requires": {
        "@types/react": "*"
      }
    },
    "@types/react-is": {
      "version": "17.0.2",
      "resolved": "https://registry.npmjs.org/@types/react-is/-/react-is-17.0.2.tgz",
      "integrity": "sha512-2+L0ilcAEG8udkDnvx8B0upwXFBbNnVwOsSCTxW3SDOkmar9NyEeLG0ZLa3uOEw9zyYf/fQapcnfXAVmDKlyHw==",
      "requires": {
        "@types/react": "*"
      }
    },
    "@types/react-tap-event-plugin": {
      "version": "0.0.31",
      "resolved": "https://registry.npmjs.org/@types/react-tap-event-plugin/-/react-tap-event-plugin-0.0.31.tgz",
      "integrity": "sha512-J0nerI3DjhbNx1saJG2vsG8JGg+PVHfRHpl6eecUFWoGxiakVTgvs9diCWebgeJkem4rMhelGaZM5vuByGNq5w==",
      "dev": true
    },
    "@types/react-transition-group": {
      "version": "4.4.3",
      "resolved": "https://registry.npmjs.org/@types/react-transition-group/-/react-transition-group-4.4.3.tgz",
      "integrity": "sha512-fUx5muOWSYP8Bw2BUQ9M9RK9+W1XBK/7FLJ8PTQpnpTEkn0ccyMffyEQvan4C3h53gHdx7KE5Qrxi/LnUGQtdg==",
      "requires": {
        "@types/react": "*"
      }
    },
    "@types/scheduler": {
      "version": "0.16.2",
      "resolved": "https://registry.npmjs.org/@types/scheduler/-/scheduler-0.16.2.tgz",
      "integrity": "sha512-hppQEBDmlwhFAXKJX2KnWLYu5yMfi91yazPb2l+lbJiwW+wdo1gNeRA+3RgNSO39WYX2euey41KEwnqesU2Jew=="
    },
    "clsx": {
      "version": "1.1.1",
      "resolved": "https://registry.npmjs.org/clsx/-/clsx-1.1.1.tgz",
      "integrity": "sha512-6/bPho624p3S2pMyvP5kKBPXnI3ufHLObBFCfgx+LkeR5lg2XYy2hqZqUf45ypD8COn2bhgGJSUE+l5dhNBieA=="
    },
    "csstype": {
      "version": "3.0.9",
      "resolved": "https://registry.npmjs.org/csstype/-/csstype-3.0.9.tgz",
      "integrity": "sha512-rpw6JPxK6Rfg1zLOYCSwle2GFOOsnjmDYDaBwEcwoOg4qlsIVCN789VkBZDJAGi4T07gI4YSutR43t9Zz4Lzuw=="
    },
    "dom-helpers": {
      "version": "5.2.1",
      "resolved": "https://registry.npmjs.org/dom-helpers/-/dom-helpers-5.2.1.tgz",
      "integrity": "sha512-nRCa7CK3VTrM2NmGkIy4cbK7IZlgBE/PYMn55rrXefr5xXDP0LdtfPnblFDoVdcAfslJ7or6iqAUnx0CCGIWQA==",
      "requires": {
        "@babel/runtime": "^7.8.7",
        "csstype": "^3.0.2"
      }
    },
    "hoist-non-react-statics": {
      "version": "3.3.2",
      "resolved": "https://registry.npmjs.org/hoist-non-react-statics/-/hoist-non-react-statics-3.3.2.tgz",
      "integrity": "sha512-/gGivxi8JPKWNm/W0jSmzcMPpfpPLc3dY/6GxhX2hQ9iGj3aDfklV4ET7NjKpSinLpJ5vafa9iiGIEZg10SfBw==",
      "requires": {
        "react-is": "^16.7.0"
      },
      "dependencies": {
        "react-is": {
          "version": "16.13.1",
          "resolved": "https://registry.npmjs.org/react-is/-/react-is-16.13.1.tgz",
          "integrity": "sha512-24e6ynE2H+OKt4kqsOvNd8kBpV65zoxbA4BVsEOB3ARVWQki/DHzaUoC5KuON/BiccDaCCTZBuOcfZs70kR8bQ=="
        }
      }
    },
    "js-tokens": {
      "version": "4.0.0",
      "resolved": "https://registry.npmjs.org/js-tokens/-/js-tokens-4.0.0.tgz",
      "integrity": "sha512-RdJUflcE3cUzKiMqQgsCu06FPu9UdIJO0beYbPhHN4k6apgJtifcoCtT9bcxOpYBtpD2kCM6Sbzg4CausW/PKQ=="
    },
    "loose-envify": {
      "version": "1.4.0",
      "resolved": "https://registry.npmjs.org/loose-envify/-/loose-envify-1.4.0.tgz",
      "integrity": "sha512-lyuxPGr/Wfhrlem2CL/UcnUc1zcqKAImBDzukY7Y5F/yQiNdko6+fRLevlw1HgMySw7f611UIY408EtxRSoK3Q==",
      "requires": {
        "js-tokens": "^3.0.0 || ^4.0.0"
      }
    },
    "object-assign": {
      "version": "4.1.1",
      "resolved": "https://registry.npmjs.org/object-assign/-/object-assign-4.1.1.tgz",
      "integrity": "sha1-IQmtx5ZYh8/AXLvUQsrIv7s2CGM="
    },
    "prop-types": {
      "version": "15.7.2",
      "resolved": "https://registry.npmjs.org/prop-types/-/prop-types-15.7.2.tgz",
      "integrity": "sha512-8QQikdH7//R2vurIJSutZ1smHYTcLpRWEOlHnzcWHmBYrOGUysKwSsrC89BCiFj3CbrfJ/nXFdJepOVrY1GCHQ==",
      "requires": {
        "loose-envify": "^1.4.0",
        "object-assign": "^4.1.1",
        "react-is": "^16.8.1"
      },
      "dependencies": {
        "react-is": {
          "version": "16.13.1",
          "resolved": "https://registry.npmjs.org/react-is/-/react-is-16.13.1.tgz",
          "integrity": "sha512-24e6ynE2H+OKt4kqsOvNd8kBpV65zoxbA4BVsEOB3ARVWQki/DHzaUoC5KuON/BiccDaCCTZBuOcfZs70kR8bQ=="
        }
      }
    },
    "react-is": {
      "version": "17.0.2",
      "resolved": "https://registry.npmjs.org/react-is/-/react-is-17.0.2.tgz",
      "integrity": "sha512-w2GsyukL62IJnlaff/nRegPQR94C/XXamvMWmSHRJ4y7Ts/4ocGRmTHvOs8PSE6pB3dWOrD/nueuU5sduBsQ4w=="
    },
    "react-transition-group": {
      "version": "4.4.2",
      "resolved": "https://registry.npmjs.org/react-transition-group/-/react-transition-group-4.4.2.tgz",
      "integrity": "sha512-/RNYfRAMlZwDSr6z4zNKV6xu53/e2BuaBbGhbyYIXTrmgu/bGHzmqOs7mJSJBHy9Ud+ApHx3QjrkKSp1pxvlFg==",
      "requires": {
        "@babel/runtime": "^7.5.5",
        "dom-helpers": "^5.0.1",
        "loose-envify": "^1.4.0",
        "prop-types": "^15.6.2"
      }
    },
    "regenerator-runtime": {
      "version": "0.13.9",
      "resolved": "https://registry.npmjs.org/regenerator-runtime/-/regenerator-runtime-0.13.9.tgz",
      "integrity": "sha512-p3VT+cOEgxFsRRA9X4lkI1E+k2/CtnKtU4gcxyaCUreilL/vqI6CdZ3wxVUx3UOUg+gnUOQQcRI7BmSI656MYA=="
    },
    "stylis": {
      "version": "4.0.10",
      "resolved": "https://registry.npmjs.org/stylis/-/stylis-4.0.10.tgz",
      "integrity": "sha512-m3k+dk7QeJw660eIKRRn3xPF6uuvHs/FFzjX3HQ5ove0qYsiygoAhwn5a3IYKaZPo5LrYD0rfVmtv1gNY1uYwg=="
    }
  }
}
